
Microsoft Visual Studio Solution File, Format Version 12.00
# Visual Studio Version 16
VisualStudioVersion = 16.0.30804.86
MinimumVisualStudioVersion = 10.0.40219.1
Project("{FAE04EC0-301F-11D3-BF4B-00C04F79EFBC}") = "Final_Term_Assignment", "Final_Term_Assignment\Final_Term_Assignment.csproj", "{7BC8D967-5E6B-4753-A811-AA1EA3179974}"
EndProject
Global
	GlobalSection(SolutionConfigurationPlatforms) = preSolution
		Debug|Any CPU = Debug|Any CPU
		Release|Any CPU = Release|Any CPU
	EndGlobalSection
	GlobalSection(ProjectConfigurationPlatforms) = postSolution
		{7BC8D967-5E6B-4753-A811-AA1EA3179974}.Debug|Any CPU.ActiveCfg = Debug|Any CPU
		{7BC8D967-5E6B-4753-A811-AA1EA3179974}.Debug|Any CPU.Build.0 = Debug|Any CPU
		{7BC8D967-5E6B-4753-A811-AA1EA3179974}.Release|Any CPU.ActiveCfg = Release|Any CPU
		{7BC8D967-5E6B-4753-A811-AA1EA3179974}.Release|Any CPU.Build.0 = Release|Any CPU
	EndGlobalSection
	GlobalSection(SolutionProperties) = preSolution
		HideSolutionNode = FALSE
	EndGlobalSection
	GlobalSection(ExtensibilityGlobals) = postSolution
		SolutionGuid = {4BA03E1F-5839-4D89-BD1C-C1E134BBB286}
	EndGlobalSection
EndGlobal
